
Microsoft Visual Studio Solution File, Format Version 12.00
# Visual Studio Version 17
VisualStudioVersion = 17.8.34330.188
MinimumVisualStudioVersion = 10.0.40219.1
Project("{FAE04EC0-301F-11D3-BF4B-00C04F79EFBC}") = "Guard", "Guard.csproj", "{3F4F9EEB-1B41-4328-BFF1-9F16CE746791}"
EndProject
Global
	GlobalSection(SolutionConfigurationPlatforms) = preSolution
		Debug|Any CPU = Debug|Any CPU
		Release|Any CPU = Release|Any CPU
	EndGlobalSection
	GlobalSection(ProjectConfigurationPlatforms) = postSolution
		{3F4F9EEB-1B41-4328-BFF1-9F16CE746791}.Debug|Any CPU.ActiveCfg = Debug|Any CPU
		{3F4F9EEB-1B41-4328-BFF1-9F16CE746791}.Debug|Any CPU.Build.0 = Debug|Any CPU
		{3F4F9EEB-1B41-4328-BFF1-9F16CE746791}.Release|Any CPU.ActiveCfg = Release|Any CPU
		{3F4F9EEB-1B41-4328-BFF1-9F16CE746791}.Release|Any CPU.Build.0 = Release|Any CPU
	EndGlobalSection
	GlobalSection(SolutionProperties) = preSolution
		HideSolutionNode = FALSE
	EndGlobalSection
	GlobalSection(ExtensibilityGlobals) = postSolution
		SolutionGuid = {7B7CBCD4-8741-4954-A7E1-12F67AEB8C0F}
	EndGlobalSection
EndGlobal
